
Microsoft Visual Studio Solution File, Format Version 12.00
# Visual Studio Version 17
VisualStudioVersion = 17.4.33110.190
MinimumVisualStudioVersion = 10.0.40219.1
Project("{FAE04EC0-301F-11D3-BF4B-00C04F79EFBC}") = "KCK-WinForms", "KCK-WinForms\KCK-WinForms.csproj", "{06024227-6404-4352-91B4-7DD1BA4D017E}"
EndProject
Global
	GlobalSection(SolutionConfigurationPlatforms) = preSolution
		Debug|Any CPU = Debug|Any CPU
		Release|Any CPU = Release|Any CPU
	EndGlobalSection
	GlobalSection(ProjectConfigurationPlatforms) = postSolution
		{06024227-6404-4352-91B4-7DD1BA4D017E}.Debug|Any CPU.ActiveCfg = Debug|Any CPU
		{06024227-6404-4352-91B4-7DD1BA4D017E}.Debug|Any CPU.Build.0 = Debug|Any CPU
		{06024227-6404-4352-91B4-7DD1BA4D017E}.Release|Any CPU.ActiveCfg = Release|Any CPU
		{06024227-6404-4352-91B4-7DD1BA4D017E}.Release|Any CPU.Build.0 = Release|Any CPU
	EndGlobalSection
	GlobalSection(SolutionProperties) = preSolution
		HideSolutionNode = FALSE
	EndGlobalSection
	GlobalSection(ExtensibilityGlobals) = postSolution
		SolutionGuid = {72D2E2C3-5F80-4E69-9F6C-156E6867D6D6}
	EndGlobalSection
EndGlobal
